{
  "nodes": {
    "ciel": {
      "inputs": {
        "nix-eda": [
          "librelane",
          "nix-eda"
        ]
      },
      "locked": {
        "lastModified": 1756989737,
        "narHash": "sha256-1UuZ8EjVQZvDqMt3mM/BXgIlUUjSiPiXfMEqXNSscIo=",
        "owner": "fossi-foundation",
        "repo": "ciel",
        "rev": "847763a7206797d78f96abffb01d3d7c6bdaf58f",
        "type": "github"
      },
      "original": {
        "owner": "fossi-foundation",
        "repo": "ciel",
        "type": "github"
      }
    },
    "devshell": {
      "inputs": {
        "nixpkgs": [
          "librelane",
          "nix-eda",
          "nixpkgs"
        ]
      },
      "locked": {
        "lastModified": 1741473158,
        "narHash": "sha256-kWNaq6wQUbUMlPgw8Y+9/9wP0F8SHkjy24/mN3UAppg=",
        "owner": "numtide",
        "repo": "devshell",
        "rev": "7c9e793ebe66bcba8292989a68c0419b737a22a0",
        "type": "github"
      },
      "original": {
        "owner": "numtide",
        "repo": "devshell",
        "type": "github"
      }
    },
    "flake-compat": {
      "locked": {
        "lastModified": 1733328505,
        "narHash": "sha256-NeCCThCEP3eCl2l/+27kNNK7QrwZB1IJCrXfrbv5oqU=",
        "rev": "ff81ac966bb2cae68946d5ed5fc4994f96d0ffec",
        "revCount": 69,
        "type": "tarball",
        "url": "https://api.flakehub.com/f/pinned/edolstra/flake-compat/1.1.0/01948eb7-9cba-704f-bbf3-3fa956735b52/source.tar.gz"
      },
      "original": {
        "type": "tarball",
        "url": "https://flakehub.com/f/edolstra/flake-compat/1.tar.gz"
      }
    },
    "ghdl-src": {
      "flake": false,
      "locked": {
        "lastModified": 1757604637,
        "narHash": "sha256-iGbU5pYljwG3nUrWcorSoHCcCRpd0/HH6AI3MH85bAA=",
        "owner": "ghdl",
        "repo": "ghdl",
        "rev": "1ed6445836f4101504c3da0bb95ce051351fb546",
        "type": "github"
      },
      "original": {
        "owner": "ghdl",
        "ref": "nightly",
        "repo": "ghdl",
        "type": "github"
      }
    },
    "librelane": {
      "inputs": {
        "ciel": "ciel",
        "devshell": "devshell",
        "flake-compat": "flake-compat",
        "nix-eda": "nix-eda"
      },
      "locked": {
        "lastModified": 1758609045,
        "narHash": "sha256-PUhkJ+NCJIcZgbqEjYrAR1SOCxkUBiM7eH9DHO54C4Q=",
        "owner": "librelane",
        "repo": "librelane",
        "rev": "7aade453456345bfcf161c6f16995c1b60e72f10",
        "type": "github"
      },
      "original": {
        "owner": "librelane",
        "ref": "dev",
        "repo": "librelane",
        "type": "github"
      }
    },
    "nextpnr-src": {
      "flake": false,
      "locked": {
        "lastModified": 1757055739,
        "narHash": "sha256-14/S+I/BnH4J1b9HA5xBU/NHLcxBL5xFV/acox+j8ts=",
        "owner": "YosysHQ",
        "repo": "nextpnr",
        "rev": "9715a1d56580d0652b4a90d58eb4096ba537e3ce",
        "type": "github"
      },
      "original": {
        "owner": "YosysHQ",
        "ref": "nextpnr-0.9",
        "repo": "nextpnr",
        "type": "github"
      }
    },
    "nix-eda": {
      "inputs": {
        "nixpkgs": "nixpkgs"
      },
      "locked": {
        "lastModified": 1754134233,
        "narHash": "sha256-RFApbuRqOG4ybeXg7TjUxtpaCGNAbU/8TqQ96Yxo/R0=",
        "owner": "fossi-foundation",
        "repo": "nix-eda",
        "rev": "5908d9dbe2c94486926787dfe33ddfdc21863b60",
        "type": "github"
      },
      "original": {
        "owner": "fossi-foundation",
        "ref": "5.3.0",
        "repo": "nix-eda",
        "type": "github"
      }
    },
    "nixpkgs": {
      "locked": {
        "lastModified": 1750400657,
        "narHash": "sha256-3vkjFnxCOP6vm5Pm13wC/Zy6/VYgei/I/2DWgW4RFeA=",
        "owner": "nixos",
        "repo": "nixpkgs",
        "rev": "b2485d56967598da068b5a6946dadda8bfcbcd37",
        "type": "github"
      },
      "original": {
        "owner": "nixos",
        "ref": "nixos-25.05",
        "repo": "nixpkgs",
        "type": "github"
      }
    },
    "nixpkgs-stable": {
      "locked": {
        "lastModified": 1758346548,
        "narHash": "sha256-afXE7AJ7MY6wY1pg/Y6UPHNYPy5GtUKeBkrZZ/gC71E=",
        "owner": "nixos",
        "repo": "nixpkgs",
        "rev": "b2a3852bd078e68dd2b3dfa8c00c67af1f0a7d20",
        "type": "github"
      },
      "original": {
        "owner": "nixos",
        "ref": "nixos-25.05",
        "repo": "nixpkgs",
        "type": "github"
      }
    },
    "nixpkgs_2": {
      "locked": {
        "lastModified": 1758427187,
        "narHash": "sha256-pHpxZ/IyCwoTQPtFIAG2QaxuSm8jWzrzBGjwQZIttJc=",
        "owner": "nixos",
        "repo": "nixpkgs",
        "rev": "554be6495561ff07b6c724047bdd7e0716aa7b46",
        "type": "github"
      },
      "original": {
        "owner": "nixos",
        "ref": "nixos-unstable",
        "repo": "nixpkgs",
        "type": "github"
      }
    },
    "pyproject-build-systems": {
      "inputs": {
        "nixpkgs": [
          "nixpkgs"
        ],
        "pyproject-nix": [
          "pyproject-nix"
        ],
        "uv2nix": [
          "uv2nix"
        ]
      },
      "locked": {
        "lastModified": 1757296493,
        "narHash": "sha256-6nzSZl28IwH2Vx8YSmd3t6TREHpDbKlDPK+dq1LKIZQ=",
        "owner": "pyproject-nix",
        "repo": "build-system-pkgs",
        "rev": "5b8e37fe0077db5c1df3a5ee90a651345f085d38",
        "type": "github"
      },
      "original": {
        "owner": "pyproject-nix",
        "repo": "build-system-pkgs",
        "type": "github"
      }
    },
    "pyproject-nix": {
      "inputs": {
        "nixpkgs": [
          "nixpkgs"
        ]
      },
      "locked": {
        "lastModified": 1758265079,
        "narHash": "sha256-amLaLNwKSZPShQHzfgmc/9o76dU8xzN0743dWgvYlr8=",
        "owner": "pyproject-nix",
        "repo": "pyproject.nix",
        "rev": "02e9418fd4af638447dca4b17b1280da95527fc9",
        "type": "github"
      },
      "original": {
        "owner": "pyproject-nix",
        "repo": "pyproject.nix",
        "type": "github"
      }
    },
    "root": {
      "inputs": {
        "ghdl-src": "ghdl-src",
        "librelane": "librelane",
        "nextpnr-src": "nextpnr-src",
        "nixpkgs": "nixpkgs_2",
        "nixpkgs-stable": "nixpkgs-stable",
        "pyproject-build-systems": "pyproject-build-systems",
        "pyproject-nix": "pyproject-nix",
        "uv2nix": "uv2nix"
      }
    },
    "uv2nix": {
      "inputs": {
        "nixpkgs": [
          "nixpkgs"
        ],
        "pyproject-nix": [
          "pyproject-nix"
        ]
      },
      "locked": {
        "lastModified": 1758591324,
        "narHash": "sha256-XoDhU0igMHkfHPLYEhz9cw1pfl8mEGvNI8cKkXc3pFc=",
        "owner": "pyproject-nix",
        "repo": "uv2nix",
        "rev": "a11e01d2916e9d53ccb69f517ced5a07a24608fb",
        "type": "github"
      },
      "original": {
        "owner": "pyproject-nix",
        "repo": "uv2nix",
        "type": "github"
      }
    }
  },
  "root": "root",
  "version": 7
}
